// !$*UTF8*$!
{
	archiveVersion = 1;
	classes = {
	};
	objectVersion = 56;
	objects = {

/* Begin PBXBuildFile section */
		DF0526EE2DF1FEDB00EAAEF6 /* bartekApp.swift in Sources */ = {isa = PBXBuildFile; fileRef = DF0526F02DF1FEDC00EAAEF6 /* bartekApp.swift */; };
		DF0526EF2DF1FEDB00EAAEF6 /* ContentView.swift in Sources */ = {isa = PBXBuildFile; fileRef = DF0526F12DF1FEDC00EAAEF6 /* ContentView.swift */; };
		DF0526F22DF1FEDC00EAAEF6 /* Assets.xcassets in Resources */ = {isa = PBXBuildFile; fileRef = DF0526F32DF1FEDC00EAAEF6 /* Assets.xcassets */; };
		DF0526F42DF1FEDC00EAAEF6 /* Preview Assets.xcassets in Resources */ = {isa = PBXBuildFile; fileRef = DF0526F52DF1FEDC00EAAEF6 /* Preview Assets.xcassets */; };
		DF0526F62DF1FEDC00EAAEF6 /* Persistence.swift in Sources */ = {isa = PBXBuildFile; fileRef = DF0526F72DF1FEDC00EAAEF6 /* Persistence.swift */; };
		DF0526F82DF1FEDC00EAAEF6 /* bartek.xcdatamodeld in Sources */ = {isa = PBXBuildFile; fileRef = DF0526F92DF1FEDC00EAAEF6 /* bartek.xcdatamodeld */; };
		DF0526FA2DF1FEDC00EAAEF6 /* CarDetailView.swift in Sources */ = {isa = PBXBuildFile; fileRef = DF0526FB2DF1FEDC00EAAEF6 /* CarDetailView.swift */; };
		DF0526FC2DF1FEDC00EAAEF6 /* ReservationFormView.swift in Sources */ = {isa = PBXBuildFile; fileRef = DF0526FD2DF1FEDC00EAAEF6 /* ReservationFormView.swift */; };
		DF0526FE2DF1FEDC00EAAEF6 /* ReservationListView.swift in Sources */ = {isa = PBXBuildFile; fileRef = DF0526FF2DF1FEDC00EAAEF6 /* ReservationListView.swift */; };
		DF0527002DF1FEDC00EAAEF6 /* Models.swift in Sources */ = {isa = PBXBuildFile; fileRef = DF0527012DF1FEDC00EAAEF6 /* Models.swift */; };
/* End PBXBuildFile section */

/* Begin PBXFileReference section */
		DF0526EB2DF1FEDB00EAAEF6 /* bartek.app */ = {isa = PBXFileReference; explicitFileType = wrapper.application; includeInIndex = 0; path = bartek.app; sourceTree = BUILT_PRODUCTS_DIR; };
		DF0526F02DF1FEDC00EAAEF6 /* bartekApp.swift */ = {isa = PBXFileReference; lastKnownFileType = sourcecode.swift; path = bartekApp.swift; sourceTree = "<group>"; };
		DF0526F12DF1FEDC00EAAEF6 /* ContentView.swift */ = {isa = PBXFileReference; lastKnownFileType = sourcecode.swift; path = ContentView.swift; sourceTree = "<group>"; };
		DF0526F32DF1FEDC00EAAEF6 /* Assets.xcassets */ = {isa = PBXFileReference; lastKnownFileType = folder.assetcatalog; path = Assets.xcassets; sourceTree = "<group>"; };
		DF0526F52DF1FEDC00EAAEF6 /* Preview Assets.xcassets */ = {isa = PBXFileReference; lastKnownFileType = folder.assetcatalog; path = "Preview Assets.xcassets"; sourceTree = "<group>"; };
		DF0526F72DF1FEDC00EAAEF6 /* Persistence.swift */ = {isa = PBXFileReference; lastKnownFileType = sourcecode.swift; path = Persistence.swift; sourceTree = "<group>"; };
		DF0526FA2DF1FEDC00EAAEF6 /* bartek.xcdatamodel */ = {isa = PBXFileReference; lastKnownFileType = wrapper.xcdatamodel; path = bartek.xcdatamodel; sourceTree = "<group>"; };
		DF0526FB2DF1FEDC00EAAEF6 /* CarDetailView.swift */ = {isa = PBXFileReference; lastKnownFileType = sourcecode.swift; path = CarDetailView.swift; sourceTree = "<group>"; };
		DF0526FD2DF1FEDC00EAAEF6 /* ReservationFormView.swift */ = {isa = PBXFileReference; lastKnownFileType = sourcecode.swift; path = ReservationFormView.swift; sourceTree = "<group>"; };
		DF0526FF2DF1FEDC00EAAEF6 /* ReservationListView.swift */ = {isa = PBXFileReference; lastKnownFileType = sourcecode.swift; path = ReservationListView.swift; sourceTree = "<group>"; };
		DF0527012DF1FEDC00EAAEF6 /* Models.swift */ = {isa = PBXFileReference; lastKnownFileType = sourcecode.swift; path = Models.swift; sourceTree = "<group>"; };
/* End PBXFileReference section */

/* Begin PBXFrameworksBuildPhase section */
		DF0526E82DF1FEDB00EAAEF6 /* Frameworks */ = {
			isa = PBXFrameworksBuildPhase;
			buildActionMask = 2147483647;
			files = (
			);
			runOnlyForDeploymentPostprocessing = 0;
		};
/* End PBXFrameworksBuildPhase section */

/* Begin PBXGroup section */
		DF0526E22DF1FEDB00EAAEF6 = {
			isa = PBXGroup;
			children = (
				DF0526ED2DF1FEDB00EAAEF6 /* bartek */,
				DF0526EC2DF1FEDB00EAAEF6 /* Products */,
			);
			sourceTree = "<group>";
		};
		DF0526EC2DF1FEDB00EAAEF6 /* Products */ = {
			isa = PBXGroup;
			children = (
				DF0526EB2DF1FEDB00EAAEF6 /* bartek.app */,
			);
			name = Products;
			sourceTree = "<group>";
		};
		DF0526ED2DF1FEDB00EAAEF6 /* bartek */ = {
			isa = PBXGroup;
			children = (
				DF0526F02DF1FEDC00EAAEF6 /* bartekApp.swift */,
				DF0526F12DF1FEDC00EAAEF6 /* ContentView.swift */,
				DF0526FB2DF1FEDC00EAAEF6 /* CarDetailView.swift */,
				DF0526FD2DF1FEDC00EAAEF6 /* ReservationFormView.swift */,
				DF0526FF2DF1FEDC00EAAEF6 /* ReservationListView.swift */,
				DF0527012DF1FEDC00EAAEF6 /* Models.swift */,
				DF0526F72DF1FEDC00EAAEF6 /* Persistence.swift */,
				DF0526F92DF1FEDC00EAAEF6 /* bartek.xcdatamodeld */,
				DF0526F32DF1FEDC00EAAEF6 /* Assets.xcassets */,
				DF0526F62DF1FEDC00EAAEF6 /* Preview Content */,
			);
			path = bartek;
			sourceTree = "<group>";
		};
		DF0526F62DF1FEDC00EAAEF6 /* Preview Content */ = {
			isa = PBXGroup;
			children = (
				DF0526F52DF1FEDC00EAAEF6 /* Preview Assets.xcassets */,
			);
			path = "Preview Content";
			sourceTree = "<group>";
		};
/* End PBXGroup section */

/* Begin PBXNativeTarget section */
		DF0526EA2DF1FEDB00EAAEF6 /* bartek */ = {
			isa = PBXNativeTarget;
			buildConfigurationList = DF0526FE2DF1FEDC00EAAEF6 /* Build configuration list for PBXNativeTarget "bartek" */;
			buildPhases = (
				DF0526E72DF1FEDB00EAAEF6 /* Sources */,
				DF0526E82DF1FEDB00EAAEF6 /* Frameworks */,
				DF0526E92DF1FEDB00EAAEF6 /* Resources */,
			);
			buildRules = (
			);
			dependencies = (
			);
			name = bartek;
			productName = bartek;
			productReference = DF0526EB2DF1FEDB00EAAEF6 /* bartek.app */;
			productType = "com.apple.product-type.application";
		};
/* End PBXNativeTarget section */

/* Begin PBXProject section */
		DF0526E32DF1FEDB00EAAEF6 /* Project object */ = {
			isa = PBXProject;
			attributes = {
				BuildIndependentTargetsInParallel = 1;
				LastSwiftUpdateCheck = 1520;
				LastUpgradeCheck = 1520;
				TargetAttributes = {
					DF0526EA2DF1FEDB00EAAEF6 = {
						CreatedOnToolsVersion = 15.2;
					};
				};
			};
			buildConfigurationList = DF0526E62DF1FEDB00EAAEF6 /* Build configuration list for PBXProject "bartek" */;
			compatibilityVersion = "Xcode 14.0";
			developmentRegion = en;
			hasScannedForEncodings = 0;
			knownRegions = (
				en,
				Base,
			);
			mainGroup = DF0526E22DF1FEDB00EAAEF6;
			productRefGroup = DF0526EC2DF1FEDB00EAAEF6 /* Products */;
			projectDirPath = "";
			projectRoot = "";
			targets = (
				DF0526EA2DF1FEDB00EAAEF6 /* bartek */,
			);
		};
/* End PBXProject section */

/* Begin PBXResourcesBuildPhase section */
		DF0526E92DF1FEDB00EAAEF6 /* Resources */ = {
			isa = PBXResourcesBuildPhase;
			buildActionMask = 2147483647;
			files = (
				DF0526F42DF1FEDC00EAAEF6 /* Preview Assets.xcassets in Resources */,
				DF0526F22DF1FEDC00EAAEF6 /* Assets.xcassets in Resources */,
			);
			runOnlyForDeploymentPostprocessing = 0;
		};
/* End PBXResourcesBuildPhase section */

/* Begin PBXSourcesBuildPhase section */
		DF0526E72DF1FEDB00EAAEF6 /* Sources */ = {
			isa = PBXSourcesBuildPhase;
			buildActionMask = 2147483647;
			files = (
				DF0526F82DF1FEDC00EAAEF6 /* bartek.xcdatamodeld in Sources */,
				DF0526F62DF1FEDC00EAAEF6 /* Persistence.swift in Sources */,
				DF0526EF2DF1FEDB00EAAEF6 /* ContentView.swift in Sources */,
				DF0526EE2DF1FEDB00EAAEF6 /* bartekApp.swift in Sources */,
				DF0526FA2DF1FEDC00EAAEF6 /* CarDetailView.swift in Sources */,
				DF0526FC2DF1FEDC00EAAEF6 /* ReservationFormView.swift in Sources */,
				DF0526FE2DF1FEDC00EAAEF6 /* ReservationListView.swift in Sources */,
				DF0527002DF1FEDC00EAAEF6 /* Models.swift in Sources */,
			);
			runOnlyForDeploymentPostprocessing = 0;
		};
/* End PBXSourcesBuildPhase section */

/* Begin XCBuildConfiguration section */
		DF0526FC2DF1FEDC00EAAEF6 /* Debug */ = {
			isa = XCBuildConfiguration;
			buildSettings = {
				ALWAYS_SEARCH_USER_PATHS = NO;
				ASSETCATALOG_COMPILER_GENERATE_SWIFT_ASSET_SYMBOL_EXTENSIONS = YES;
				CLANG_ANALYZER_NONNULL = YES;
				CLANG_ANALYZER_NUMBER_OBJECT_CONVERSION = YES_AGGRESSIVE;
				CLANG_CXX_LANGUAGE_STANDARD = "gnu++20";
				CLANG_ENABLE_MODULES = YES;
				CLANG_ENABLE_OBJC_ARC = YES;
				CLANG_ENABLE_OBJC_WEAK = YES;
				CLANG_WARN_BLOCK_CAPTURE_AUTORELEASING = YES;
				CLANG_WARN_BOOL_CONVERSION = YES;
				CLANG_WARN_COMMA = YES;
				CLANG_WARN_CONSTANT_CONVERSION = YES;
				CLANG_WARN_DEPRECATED_OBJC_IMPLEMENTATIONS = YES;
				CLANG_WARN_DIRECT_OBJC_ISA_USAGE = YES_ERROR;
				CLANG_WARN_DOCUMENTATION_COMMENTS = YES;
				CLANG_WARN_EMPTY_BODY = YES;
				CLANG_WARN_ENUM_CONVERSION = YES;
				CLANG_WARN_INFINITE_RECURSION = YES;
				CLANG_WARN_INT_CONVERSION = YES;
				CLANG_WARN_NON_LITERAL_NULL_CONVERSION = YES;
				CLANG_WARN_OBJC_IMPLICIT_RETAIN_SELF = YES;
				CLANG_WARN_OBJC_LITERAL_CONVERSION = YES;
				CLANG_WARN_OBJC_ROOT_CLASS = YES_ERROR;
				CLANG_WARN_QUOTED_INCLUDE_IN_FRAMEWORK_HEADER = YES;
				CLANG_WARN_RANGE_LOOP_ANALYSIS = YES;
				CLANG_WARN_STRICT_PROTOTYPES = YES;
				CLANG_WARN_SUSPICIOUS_MOVE = YES;
				CLANG_WARN_UNGUARDED_AVAILABILITY = YES_AGGRESSIVE;
				CLANG_WARN_UNREACHABLE_CODE = YES;
				CLANG_WARN__DUPLICATE_METHOD_MATCH = YES;
				COPY_PHASE_STRIP = NO;
				DEBUG_INFORMATION_FORMAT = dwarf;
				ENABLE_STRICT_OBJC_MSGSEND = YES;
				ENABLE_TESTABILITY = YES;
				ENABLE_USER_SCRIPT_SANDBOXING = YES;
				GCC_C_LANGUAGE_STANDARD = gnu17;
				GCC_DYNAMIC_NO_PIC = NO;
				GCC_NO_COMMON_BLOCKS = YES;
				GCC_OPTIMIZATION_LEVEL = 0;
				GCC_PREPROCESSOR_DEFINITIONS = (
					"DEBUG=1",
					"$(inherited)",
				);
				GCC_WARN_64_TO_32_BIT_CONVERSION = YES;
				GCC_WARN_ABOUT_RETURN_TYPE = YES_ERROR;
				GCC_WARN_UNDECLARED_SELECTOR = YES;
				GCC_WARN_UNINITIALIZED_AUTOS = YES_AGGRESSIVE;
				GCC_WARN_UNUSED_FUNCTION = YES;
				GCC_WARN_UNUSED_VARIABLE = YES;
				IPHONEOS_DEPLOYMENT_TARGET = 17.2;
				LOCALIZATION_PREFERS_STRING_CATALOGS = YES;
				MTL_ENABLE_DEBUG_INFO = INCLUDE_SOURCE;
				MTL_FAST_MATH = YES;
				ONLY_ACTIVE_ARCH = YES;
				SDKROOT = iphoneos;
				SWIFT_ACTIVE_COMPILATION_CONDITIONS = "DEBUG $(inherited)";
				SWIFT_OPTIMIZATION_LEVEL = "-Onone";
			};
			name = Debug;
		};
		DF0526FD2DF1FEDC00EAAEF6 /* Release */ = {
			isa = XCBuildConfiguration;
			buildSettings = {
				ALWAYS_SEARCH_USER_PATHS = NO;
				ASSETCATALOG_COMPILER_GENERATE_SWIFT_ASSET_SYMBOL_EXTENSIONS = YES;
				CLANG_ANALYZER_NONNULL = YES;
				CLANG_ANALYZER_NUMBER_OBJECT_CONVERSION = YES_AGGRESSIVE;
				CLANG_CXX_LANGUAGE_STANDARD = "gnu++20";
				CLANG_ENABLE_MODULES = YES;
				CLANG_ENABLE_OBJC_ARC = YES;
				CLANG_ENABLE_OBJC_WEAK = YES;
				CLANG_WARN_BLOCK_CAPTURE_AUTORELEASING = YES;
				CLANG_WARN_BOOL_CONVERSION = YES;
				CLANG_WARN_COMMA = YES;
				CLANG_WARN_CONSTANT_CONVERSION = YES;
				CLANG_WARN_DEPRECATED_OBJC_IMPLEMENTATIONS = YES;
				CLANG_WARN_DIRECT_OBJC_ISA_USAGE = YES_ERROR;
				CLANG_WARN_DOCUMENTATION_COMMENTS = YES;
				CLANG_WARN_EMPTY_BODY = YES;
				CLANG_WARN_ENUM_CONVERSION = YES;
				CLANG_WARN_INFINITE_RECURSION = YES;
				CLANG_WARN_INT_CONVERSION = YES;
				CLANG_WARN_NON_LITERAL_NULL_CONVERSION = YES;
				CLANG_WARN_OBJC_IMPLICIT_RETAIN_SELF = YES;
				CLANG_WARN_OBJC_LITERAL_CONVERSION = YES;
				CLANG_WARN_OBJC_ROOT_CLASS = YES_ERROR;
				CLANG_WARN_QUOTED_INCLUDE_IN_FRAMEWORK_HEADER = YES;
				CLANG_WARN_RANGE_LOOP_ANALYSIS = YES;
				CLANG_WARN_STRICT_PROTOTYPES = YES;
				CLANG_WARN_SUSPICIOUS_MOVE = YES;
				CLANG_WARN_UNGUARDED_AVAILABILITY = YES_AGGRESSIVE;
				CLANG_WARN_UNREACHABLE_CODE = YES;
				CLANG_WARN__DUPLICATE_METHOD_MATCH = YES;
				COPY_PHASE_STRIP = NO;
				DEBUG_INFORMATION_FORMAT = "dwarf-with-dsym";
				ENABLE_NS_ASSERTIONS = NO;
				ENABLE_STRICT_OBJC_MSGSEND = YES;
				ENABLE_USER_SCRIPT_SANDBOXING = YES;
				GCC_C_LANGUAGE_STANDARD = gnu17;
				GCC_NO_COMMON_BLOCKS = YES;
				GCC_WARN_64_TO_32_BIT_CONVERSION = YES;
				GCC_WARN_ABOUT_RETURN_TYPE = YES_ERROR;
				GCC_WARN_UNDECLARED_SELECTOR = YES;
				GCC_WARN_UNINITIALIZED_AUTOS = YES_AGGRESSIVE;
				GCC_WARN_UNUSED_FUNCTION = YES;
				GCC_WARN_UNUSED_VARIABLE = YES;
				IPHONEOS_DEPLOYMENT_TARGET = 17.2;
				LOCALIZATION_PREFERS_STRING_CATALOGS = YES;
				MTL_ENABLE_DEBUG_INFO = NO;
				MTL_FAST_MATH = YES;
				SDKROOT = iphoneos;
				SWIFT_COMPILATION_MODE = wholemodule;
				VALIDATE_PRODUCT = YES;
			};
			name = Release;
		};
		DF0526FF2DF1FEDC00EAAEF6 /* Debug */ = {
			isa = XCBuildConfiguration;
			buildSettings = {
				ASSETCATALOG_COMPILER_APPICON_NAME = AppIcon;
				ASSETCATALOG_COMPILER_GLOBAL_ACCENT_COLOR_NAME = AccentColor;
				CODE_SIGN_STYLE = Automatic;
				CURRENT_PROJECT_VERSION = 1;
				DEVELOPMENT_ASSET_PATHS = "\"bartek/Preview Content\"";
				ENABLE_PREVIEWS = YES;
				GENERATE_INFOPLIST_FILE = YES;
				INFOPLIST_KEY_UIApplicationSceneManifest_Generation = YES;
				INFOPLIST_KEY_UIApplicationSupportsIndirectInputEvents = YES;
				INFOPLIST_KEY_UILaunchScreen_Generation = YES;
				INFOPLIST_KEY_UISupportedInterfaceOrientations_iPad = "UIInterfaceOrientationPortrait UIInterfaceOrientationPortraitUpsideDown UIInterfaceOrientationLandscapeLeft UIInterfaceOrientationLandscapeRight";
				INFOPLIST_KEY_UISupportedInterfaceOrientations_iPhone = "UIInterfaceOrientationPortrait UIInterfaceOrientationLandscapeLeft UIInterfaceOrientationLandscapeRight";
				LD_RUNPATH_SEARCH_PATHS = (
					"$(inherited)",
					"@executable_path/Frameworks",
				);
				MARKETING_VERSION = 1.0;
				PRODUCT_BUNDLE_IDENTIFIER = com.example.bartek;
				PRODUCT_NAME = "$(TARGET_NAME)";
				SWIFT_EMIT_LOC_STRINGS = YES;
				SWIFT_VERSION = 5.0;
				TARGETED_DEVICE_FAMILY = "1,2";
			};
			name = Debug;
		};
		DF05270002DF1FEDC00EAAEF6 /* Release */ = {
			isa = XCBuildConfiguration;
			buildSettings = {
				ASSETCATALOG_COMPILER_APPICON_NAME = AppIcon;
				ASSETCATALOG_COMPILER_GLOBAL_ACCENT_COLOR_NAME = AccentColor;
				CODE_SIGN_STYLE = Automatic;
				CURRENT_PROJECT_VERSION = 1;
				DEVELOPMENT_ASSET_PATHS = "\"bartek/Preview Content\"";
				ENABLE_PREVIEWS = YES;
				GENERATE_INFOPLIST_FILE = YES;
				INFOPLIST_KEY_UIApplicationSceneManifest_Generation = YES;
				INFOPLIST_KEY_UIApplicationSupportsIndirectInputEvents = YES;
				INFOPLIST_KEY_UILaunchScreen_Generation = YES;
				INFOPLIST_KEY_UISupportedInterfaceOrientations_iPad = "UIInterfaceOrientationPortrait UIInterfaceOrientationPortraitUpsideDown UIInterfaceOrientationLandscapeLeft UIInterfaceOrientationLandscapeRight";
				INFOPLIST_KEY_UISupportedInterfaceOrientations_iPhone = "UIInterfaceOrientationPortrait UIInterfaceOrientationLandscapeLeft UIInterfaceOrientationLandscapeRight";
				LD_RUNPATH_SEARCH_PATHS = (
					"$(inherited)",
					"@executable_path/Frameworks",
				);
				MARKETING_VERSION = 1.0;
				PRODUCT_BUNDLE_IDENTIFIER = com.example.bartek;
				PRODUCT_NAME = "$(TARGET_NAME)";
				SWIFT_EMIT_LOC_STRINGS = YES;
				SWIFT_VERSION = 5.0;
				TARGETED_DEVICE_FAMILY = "1,2";
			};
			name = Release;
		};
/* End XCBuildConfiguration section */

/* Begin XCConfigurationList section */
		DF0526E62DF1FEDB00EAAEF6 /* Build configuration list for PBXProject "bartek" */ = {
			isa = XCConfigurationList;
			buildConfigurations = (
				DF0526FC2DF1FEDC00EAAEF6 /* Debug */,
				DF0526FD2DF1FEDC00EAAEF6 /* Release */,
			);
			defaultConfigurationIsVisible = 0;
			defaultConfigurationName = Release;
		};
		DF0526FE2DF1FEDC00EAAEF6 /* Build configuration list for PBXNativeTarget "bartek" */ = {
			isa = XCConfigurationList;
			buildConfigurations = (
				DF0526FF2DF1FEDC00EAAEF6 /* Debug */,
				DF05270002DF1FEDC00EAAEF6 /* Release */,
			);
			defaultConfigurationIsVisible = 0;
			defaultConfigurationName = Release;
		};
/* End XCConfigurationList section */

/* Begin XCVersionGroup section */
		DF0526F92DF1FEDC00EAAEF6 /* bartek.xcdatamodeld */ = {
			isa = XCVersionGroup;
			children = (
				DF0526FA2DF1FEDC00EAAEF6 /* bartek.xcdatamodel */,
			);
			currentVersion = DF0526FA2DF1FEDC00EAAEF6 /* bartek.xcdatamodel */;
			path = bartek.xcdatamodeld;
			sourceTree = "<group>";
			versionGroupType = wrapper.xcdatamodel;
		};
/* End XCVersionGroup section */
	};
	rootObject = DF0526E32DF1FEDB00EAAEF6 /* Project object */;
}
		};
/* End XCBuildConfiguration section */

/* Begin XCConfigurationList section */
		DF0526E62DF1FEDB00EAAEF6 /* Build configuration list for PBXProject "bartek" */ = {
			isa = XCConfigurationList;
			buildConfigurations = (
				DF0526F92DF1FEDD00EAAEF6 /* Debug */,
				DF0526FA2DF1FEDD00EAAEF6 /* Release */,
			);
			defaultConfigurationIsVisible = 0;
			defaultConfigurationName = Release;
		};
		DF0526FB2DF1FEDD00EAAEF6 /* Build configuration list for PBXNativeTarget "bartek" */ = {
			isa = XCConfigurationList;
			buildConfigurations = (
				DF0526FC2DF1FEDD00EAAEF6 /* Debug */,
				DF0526FD2DF1FEDD00EAAEF6 /* Release */,
			);
			defaultConfigurationIsVisible = 0;
			defaultConfigurationName = Release;
		};
/* End XCConfigurationList section */
	};
	rootObject = DF0526E32DF1FEDB00EAAEF6 /* Project object */;
}
